
Microsoft Visual Studio Solution File, Format Version 12.00
# Visual Studio Version 17
VisualStudioVersion = 17.14.36915.13 d17.14
MinimumVisualStudioVersion = 10.0.40219.1
Project("{FAE04EC0-301F-11D3-BF4B-00C04F79EFBC}") = "Assimentv4", "Assimentv4.csproj", "{2B1BAAC4-4F62-C730-93C5-A28D24371B5B}"
EndProject
Global
	GlobalSection(SolutionConfigurationPlatforms) = preSolution
		Debug|Any CPU = Debug|Any CPU
		Release|Any CPU = Release|Any CPU
	EndGlobalSection
	GlobalSection(ProjectConfigurationPlatforms) = postSolution
		{2B1BAAC4-4F62-C730-93C5-A28D24371B5B}.Debug|Any CPU.ActiveCfg = Debug|Any CPU
		{2B1BAAC4-4F62-C730-93C5-A28D24371B5B}.Debug|Any CPU.Build.0 = Debug|Any CPU
		{2B1BAAC4-4F62-C730-93C5-A28D24371B5B}.Release|Any CPU.ActiveCfg = Release|Any CPU
		{2B1BAAC4-4F62-C730-93C5-A28D24371B5B}.Release|Any CPU.Build.0 = Release|Any CPU
	EndGlobalSection
	GlobalSection(SolutionProperties) = preSolution
		HideSolutionNode = FALSE
	EndGlobalSection
	GlobalSection(ExtensibilityGlobals) = postSolution
		SolutionGuid = {341E05A2-ABB4-471D-8322-9B653EDE0292}
	EndGlobalSection
EndGlobal
